
Microsoft Visual Studio Solution File, Format Version 12.00
# Visual Studio 2017
Project("{FAE04EC0-301F-11D3-BF4B-00C04F79EFBC}") = "VFX_Work", "VFX_Work.csproj", "{CAB09B60-6072-A565-3BD2-5C5F56EA721F}"
EndProject
Global
	GlobalSection(SolutionConfigurationPlatforms) = preSolution
		Debug|Any CPU = Debug|Any CPU
		Release|Any CPU = Release|Any CPU
	EndGlobalSection
	GlobalSection(ProjectConfigurationPlatforms) = postSolution
		{CAB09B60-6072-A565-3BD2-5C5F56EA721F}.Debug|Any CPU.ActiveCfg = Debug|Any CPU
		{CAB09B60-6072-A565-3BD2-5C5F56EA721F}.Debug|Any CPU.Build.0 = Debug|Any CPU
		{CAB09B60-6072-A565-3BD2-5C5F56EA721F}.Release|Any CPU.ActiveCfg = Release|Any CPU
		{CAB09B60-6072-A565-3BD2-5C5F56EA721F}.Release|Any CPU.Build.0 = Release|Any CPU
	EndGlobalSection
	GlobalSection(SolutionProperties) = preSolution
		HideSolutionNode = FALSE
	EndGlobalSection
EndGlobal
